
Microsoft Visual Studio Solution File, Format Version 12.00
# Visual Studio 15
VisualStudioVersion = 15.0.28307.168
MinimumVisualStudioVersion = 10.0.40219.1
Project("{FAE04EC0-301F-11D3-BF4B-00C04F79EFBC}") = "eConConsoleApp", "eConConsoleApp\eConConsoleApp.csproj", "{646392F3-BF9F-43C2-9976-7BBAA5D5ADB2}"
EndProject
Global
	GlobalSection(SolutionConfigurationPlatforms) = preSolution
		Debug|Any CPU = Debug|Any CPU
		Release|Any CPU = Release|Any CPU
	EndGlobalSection
	GlobalSection(ProjectConfigurationPlatforms) = postSolution
		{646392F3-BF9F-43C2-9976-7BBAA5D5ADB2}.Debug|Any CPU.ActiveCfg = Debug|Any CPU
		{646392F3-BF9F-43C2-9976-7BBAA5D5ADB2}.Debug|Any CPU.Build.0 = Debug|Any CPU
		{646392F3-BF9F-43C2-9976-7BBAA5D5ADB2}.Release|Any CPU.ActiveCfg = Release|Any CPU
		{646392F3-BF9F-43C2-9976-7BBAA5D5ADB2}.Release|Any CPU.Build.0 = Release|Any CPU
	EndGlobalSection
	GlobalSection(SolutionProperties) = preSolution
		HideSolutionNode = FALSE
	EndGlobalSection
	GlobalSection(ExtensibilityGlobals) = postSolution
		SolutionGuid = {38459E76-FC19-4E0C-BDB3-482EF3C1B72B}
	EndGlobalSection
EndGlobal
